// !$*UTF8*$!
{
	archiveVersion = 1;
	classes = {
	};
	objectVersion = 50;
	objects = {

/* Begin PBXBuildFile section */
		D7D2ECDA25E807C3002B1CC6 /* DebugMenuConsole.framework in Frameworks */ = {isa = PBXBuildFile; fileRef = D7D2ECD725E807C3002B1CC6 /* DebugMenuConsole.framework */; };
		D7D2ECDB25E807C3002B1CC6 /* DebugMenuConsole.framework in Embed Frameworks */ = {isa = PBXBuildFile; fileRef = D7D2ECD725E807C3002B1CC6 /* DebugMenuConsole.framework */; settings = {ATTRIBUTES = (CodeSignOnCopy, RemoveHeadersOnCopy, ); }; };
		D7F85945257CFE9800A7AFDF /* AppDelegate.swift in Sources */ = {isa = PBXBuildFile; fileRef = D7F85944257CFE9800A7AFDF /* AppDelegate.swift */; };
		D7F85947257CFE9800A7AFDF /* SceneDelegate.swift in Sources */ = {isa = PBXBuildFile; fileRef = D7F85946257CFE9800A7AFDF /* SceneDelegate.swift */; };
		D7F85949257CFE9800A7AFDF /* ViewController.swift in Sources */ = {isa = PBXBuildFile; fileRef = D7F85948257CFE9800A7AFDF /* ViewController.swift */; };
		D7F8594C257CFE9800A7AFDF /* Main.storyboard in Resources */ = {isa = PBXBuildFile; fileRef = D7F8594A257CFE9800A7AFDF /* Main.storyboard */; };
		D7F8594E257CFE9900A7AFDF /* Assets.xcassets in Resources */ = {isa = PBXBuildFile; fileRef = D7F8594D257CFE9900A7AFDF /* Assets.xcassets */; };
		D7F85951257CFE9900A7AFDF /* LaunchScreen.storyboard in Resources */ = {isa = PBXBuildFile; fileRef = D7F8594F257CFE9900A7AFDF /* LaunchScreen.storyboard */; };
		D7F8596C257CFF0900A7AFDF /* DebugMenu.framework in Frameworks */ = {isa = PBXBuildFile; fileRef = D7F85961257CFEF000A7AFDF /* DebugMenu.framework */; };
		D7F8596D257CFF0900A7AFDF /* DebugMenu.framework in Embed Frameworks */ = {isa = PBXBuildFile; fileRef = D7F85961257CFEF000A7AFDF /* DebugMenu.framework */; settings = {ATTRIBUTES = (CodeSignOnCopy, RemoveHeadersOnCopy, ); }; };
		D7F85988257D13DB00A7AFDF /* CustomDebugItem.swift in Sources */ = {isa = PBXBuildFile; fileRef = D7F85987257D13DB00A7AFDF /* CustomDebugItem.swift */; };
/* End PBXBuildFile section */

/* Begin PBXContainerItemProxy section */
		D7D2ECD625E807C3002B1CC6 /* PBXContainerItemProxy */ = {
			isa = PBXContainerItemProxy;
			containerPortal = D7F85959257CFEF000A7AFDF /* DebugMenu.xcodeproj */;
			proxyType = 2;
			remoteGlobalIDString = "DebugMenu::DebugMenuConsole::Product";
			remoteInfo = DebugMenuConsole;
		};
		D7D2ECD825E807C3002B1CC6 /* PBXContainerItemProxy */ = {
			isa = PBXContainerItemProxy;
			containerPortal = D7F85959257CFEF000A7AFDF /* DebugMenu.xcodeproj */;
			proxyType = 2;
			remoteGlobalIDString = "swift-log::Logging::Product";
			remoteInfo = Logging;
		};
		D7F85960257CFEF000A7AFDF /* PBXContainerItemProxy */ = {
			isa = PBXContainerItemProxy;
			containerPortal = D7F85959257CFEF000A7AFDF /* DebugMenu.xcodeproj */;
			proxyType = 2;
			remoteGlobalIDString = "DebugMenu::DebugMenu::Product";
			remoteInfo = DebugMenu;
		};
		D7F85962257CFEF000A7AFDF /* PBXContainerItemProxy */ = {
			isa = PBXContainerItemProxy;
			containerPortal = D7F85959257CFEF000A7AFDF /* DebugMenu.xcodeproj */;
			proxyType = 2;
			remoteGlobalIDString = "DebugMenu::DebugMenuTests::Product";
			remoteInfo = DebugMenuTests;
		};
/* End PBXContainerItemProxy section */

/* Begin PBXCopyFilesBuildPhase section */
		D7F8596E257CFF0900A7AFDF /* Embed Frameworks */ = {
			isa = PBXCopyFilesBuildPhase;
			buildActionMask = 2147483647;
			dstPath = "";
			dstSubfolderSpec = 10;
			files = (
				D7F8596D257CFF0900A7AFDF /* DebugMenu.framework in Embed Frameworks */,
				D7D2ECDB25E807C3002B1CC6 /* DebugMenuConsole.framework in Embed Frameworks */,
			);
			name = "Embed Frameworks";
			runOnlyForDeploymentPostprocessing = 0;
		};
/* End PBXCopyFilesBuildPhase section */

/* Begin PBXFileReference section */
		D7F85941257CFE9800A7AFDF /* Example.app */ = {isa = PBXFileReference; explicitFileType = wrapper.application; includeInIndex = 0; path = Example.app; sourceTree = BUILT_PRODUCTS_DIR; };
		D7F85944257CFE9800A7AFDF /* AppDelegate.swift */ = {isa = PBXFileReference; lastKnownFileType = sourcecode.swift; path = AppDelegate.swift; sourceTree = "<group>"; };
		D7F85946257CFE9800A7AFDF /* SceneDelegate.swift */ = {isa = PBXFileReference; lastKnownFileType = sourcecode.swift; path = SceneDelegate.swift; sourceTree = "<group>"; };
		D7F85948257CFE9800A7AFDF /* ViewController.swift */ = {isa = PBXFileReference; lastKnownFileType = sourcecode.swift; path = ViewController.swift; sourceTree = "<group>"; };
		D7F8594B257CFE9800A7AFDF /* Base */ = {isa = PBXFileReference; lastKnownFileType = file.storyboard; name = Base; path = Base.lproj/Main.storyboard; sourceTree = "<group>"; };
		D7F8594D257CFE9900A7AFDF /* Assets.xcassets */ = {isa = PBXFileReference; lastKnownFileType = folder.assetcatalog; path = Assets.xcassets; sourceTree = "<group>"; };
		D7F85950257CFE9900A7AFDF /* Base */ = {isa = PBXFileReference; lastKnownFileType = file.storyboard; name = Base; path = Base.lproj/LaunchScreen.storyboard; sourceTree = "<group>"; };
		D7F85952257CFE9900A7AFDF /* Info.plist */ = {isa = PBXFileReference; lastKnownFileType = text.plist.xml; path = Info.plist; sourceTree = "<group>"; };
		D7F85959257CFEF000A7AFDF /* DebugMenu.xcodeproj */ = {isa = PBXFileReference; lastKnownFileType = "wrapper.pb-project"; name = DebugMenu.xcodeproj; path = ../../DebugMenu.xcodeproj; sourceTree = "<group>"; };
		D7F85987257D13DB00A7AFDF /* CustomDebugItem.swift */ = {isa = PBXFileReference; lastKnownFileType = sourcecode.swift; path = CustomDebugItem.swift; sourceTree = "<group>"; };
/* End PBXFileReference section */

/* Begin PBXFrameworksBuildPhase section */
		D7F8593E257CFE9800A7AFDF /* Frameworks */ = {
			isa = PBXFrameworksBuildPhase;
			buildActionMask = 2147483647;
			files = (
				D7F8596C257CFF0900A7AFDF /* DebugMenu.framework in Frameworks */,
				D7D2ECDA25E807C3002B1CC6 /* DebugMenuConsole.framework in Frameworks */,
			);
			runOnlyForDeploymentPostprocessing = 0;
		};
/* End PBXFrameworksBuildPhase section */

/* Begin PBXGroup section */
		D7F85938257CFE9800A7AFDF = {
			isa = PBXGroup;
			children = (
				D7F85943257CFE9800A7AFDF /* Example */,
				D7F85942257CFE9800A7AFDF /* Products */,
				D7F8596B257CFF0900A7AFDF /* Frameworks */,
			);
			sourceTree = "<group>";
		};
		D7F85942257CFE9800A7AFDF /* Products */ = {
			isa = PBXGroup;
			children = (
				D7F85941257CFE9800A7AFDF /* Example.app */,
			);
			name = Products;
			sourceTree = "<group>";
		};
		D7F85943257CFE9800A7AFDF /* Example */ = {
			isa = PBXGroup;
			children = (
				D7F85959257CFEF000A7AFDF /* DebugMenu.xcodeproj */,
				D7F85944257CFE9800A7AFDF /* AppDelegate.swift */,
				D7F85946257CFE9800A7AFDF /* SceneDelegate.swift */,
				D7F85948257CFE9800A7AFDF /* ViewController.swift */,
				D7F8594A257CFE9800A7AFDF /* Main.storyboard */,
				D7F8594D257CFE9900A7AFDF /* Assets.xcassets */,
				D7F8594F257CFE9900A7AFDF /* LaunchScreen.storyboard */,
				D7F85952257CFE9900A7AFDF /* Info.plist */,
				D7F85987257D13DB00A7AFDF /* CustomDebugItem.swift */,
			);
			path = Example;
			sourceTree = "<group>";
		};
		D7F8595A257CFEF000A7AFDF /* Products */ = {
			isa = PBXGroup;
			children = (
				D7F85961257CFEF000A7AFDF /* DebugMenu.framework */,
				D7D2ECD725E807C3002B1CC6 /* DebugMenuConsole.framework */,
				D7F85963257CFEF000A7AFDF /* DebugMenuTests.xctest */,
				D7D2ECD925E807C3002B1CC6 /* Logging.framework */,
			);
			name = Products;
			sourceTree = "<group>";
		};
		D7F8596B257CFF0900A7AFDF /* Frameworks */ = {
			isa = PBXGroup;
			children = (
			);
			name = Frameworks;
			sourceTree = "<group>";
		};
/* End PBXGroup section */

/* Begin PBXNativeTarget section */
		D7F85940257CFE9800A7AFDF /* Example */ = {
			isa = PBXNativeTarget;
			buildConfigurationList = D7F85955257CFE9900A7AFDF /* Build configuration list for PBXNativeTarget "Example" */;
			buildPhases = (
				D7F8593D257CFE9800A7AFDF /* Sources */,
				D7F8593E257CFE9800A7AFDF /* Frameworks */,
				D7F8593F257CFE9800A7AFDF /* Resources */,
				D7F8596E257CFF0900A7AFDF /* Embed Frameworks */,
			);
			buildRules = (
			);
			dependencies = (
			);
			name = Example;
			productName = Example;
			productReference = D7F85941257CFE9800A7AFDF /* Example.app */;
			productType = "com.apple.product-type.application";
		};
/* End PBXNativeTarget section */

/* Begin PBXProject section */
		D7F85939257CFE9800A7AFDF /* Project object */ = {
			isa = PBXProject;
			attributes = {
				LastSwiftUpdateCheck = 1220;
				LastUpgradeCheck = 1220;
				TargetAttributes = {
					D7F85940257CFE9800A7AFDF = {
						CreatedOnToolsVersion = 12.2;
					};
				};
			};
			buildConfigurationList = D7F8593C257CFE9800A7AFDF /* Build configuration list for PBXProject "Example" */;
			compatibilityVersion = "Xcode 9.3";
			developmentRegion = en;
			hasScannedForEncodings = 0;
			knownRegions = (
				en,
				Base,
			);
			mainGroup = D7F85938257CFE9800A7AFDF;
			productRefGroup = D7F85942257CFE9800A7AFDF /* Products */;
			projectDirPath = "";
			projectReferences = (
				{
					ProductGroup = D7F8595A257CFEF000A7AFDF /* Products */;
					ProjectRef = D7F85959257CFEF000A7AFDF /* DebugMenu.xcodeproj */;
				},
			);
			projectRoot = "";
			targets = (
				D7F85940257CFE9800A7AFDF /* Example */,
			);
		};
/* End PBXProject section */

/* Begin PBXReferenceProxy section */
		D7D2ECD725E807C3002B1CC6 /* DebugMenuConsole.framework */ = {
			isa = PBXReferenceProxy;
			fileType = wrapper.framework;
			path = DebugMenuConsole.framework;
			remoteRef = D7D2ECD625E807C3002B1CC6 /* PBXContainerItemProxy */;
			sourceTree = BUILT_PRODUCTS_DIR;
		};
		D7D2ECD925E807C3002B1CC6 /* Logging.framework */ = {
			isa = PBXReferenceProxy;
			fileType = wrapper.framework;
			path = Logging.framework;
			remoteRef = D7D2ECD825E807C3002B1CC6 /* PBXContainerItemProxy */;
			sourceTree = BUILT_PRODUCTS_DIR;
		};
		D7F85961257CFEF000A7AFDF /* DebugMenu.framework */ = {
			isa = PBXReferenceProxy;
			fileType = wrapper.framework;
			path = DebugMenu.framework;
			remoteRef = D7F85960257CFEF000A7AFDF /* PBXContainerItemProxy */;
			sourceTree = BUILT_PRODUCTS_DIR;
		};
		D7F85963257CFEF000A7AFDF /* DebugMenuTests.xctest */ = {
			isa = PBXReferenceProxy;
			fileType = file;
			path = DebugMenuTests.xctest;
			remoteRef = D7F85962257CFEF000A7AFDF /* PBXContainerItemProxy */;
			sourceTree = BUILT_PRODUCTS_DIR;
		};
/* End PBXReferenceProxy section */

/* Begin PBXResourcesBuildPhase section */
		D7F8593F257CFE9800A7AFDF /* Resources */ = {
			isa = PBXResourcesBuildPhase;
			buildActionMask = 2147483647;
			files = (
				D7F85951257CFE9900A7AFDF /* LaunchScreen.storyboard in Resources */,
				D7F8594E257CFE9900A7AFDF /* Assets.xcassets in Resources */,
				D7F8594C257CFE9800A7AFDF /* Main.storyboard in Resources */,
			);
			runOnlyForDeploymentPostprocessing = 0;
		};
/* End PBXResourcesBuildPhase section */

/* Begin PBXSourcesBuildPhase section */
		D7F8593D257CFE9800A7AFDF /* Sources */ = {
			isa = PBXSourcesBuildPhase;
			buildActionMask = 2147483647;
			files = (
				D7F85949257CFE9800A7AFDF /* ViewController.swift in Sources */,
				D7F85988257D13DB00A7AFDF /* CustomDebugItem.swift in Sources */,
				D7F85945257CFE9800A7AFDF /* AppDelegate.swift in Sources */,
				D7F85947257CFE9800A7AFDF /* SceneDelegate.swift in Sources */,
			);
			runOnlyForDeploymentPostprocessing = 0;
		};
/* End PBXSourcesBuildPhase section */

/* Begin PBXVariantGroup section */
		D7F8594A257CFE9800A7AFDF /* Main.storyboard */ = {
			isa = PBXVariantGroup;
			children = (
				D7F8594B257CFE9800A7AFDF /* Base */,
			);
			name = Main.storyboard;
			sourceTree = "<group>";
		};
		D7F8594F257CFE9900A7AFDF /* LaunchScreen.storyboard */ = {
			isa = PBXVariantGroup;
			children = (
				D7F85950257CFE9900A7AFDF /* Base */,
			);
			name = LaunchScreen.storyboard;
			sourceTree = "<group>";
		};
/* End PBXVariantGroup section */

/* Begin XCBuildConfiguration section */
		D7F85953257CFE9900A7AFDF /* Debug */ = {
			isa = XCBuildConfiguration;
			buildSettings = {
				ALWAYS_SEARCH_USER_PATHS = NO;
				CLANG_ANALYZER_NONNULL = YES;
				CLANG_ANALYZER_NUMBER_OBJECT_CONVERSION = YES_AGGRESSIVE;
				CLANG_CXX_LANGUAGE_STANDARD = "gnu++14";
				CLANG_CXX_LIBRARY = "libc++";
				CLANG_ENABLE_MODULES = YES;
				CLANG_ENABLE_OBJC_ARC = YES;
				CLANG_ENABLE_OBJC_WEAK = YES;
				CLANG_WARN_BLOCK_CAPTURE_AUTORELEASING = YES;
				CLANG_WARN_BOOL_CONVERSION = YES;
				CLANG_WARN_COMMA = YES;
				CLANG_WARN_CONSTANT_CONVERSION = YES;
				CLANG_WARN_DEPRECATED_OBJC_IMPLEMENTATIONS = YES;
				CLANG_WARN_DIRECT_OBJC_ISA_USAGE = YES_ERROR;
				CLANG_WARN_DOCUMENTATION_COMMENTS = YES;
				CLANG_WARN_EMPTY_BODY = YES;
				CLANG_WARN_ENUM_CONVERSION = YES;
				CLANG_WARN_INFINITE_RECURSION = YES;
				CLANG_WARN_INT_CONVERSION = YES;
				CLANG_WARN_NON_LITERAL_NULL_CONVERSION = YES;
				CLANG_WARN_OBJC_IMPLICIT_RETAIN_SELF = YES;
				CLANG_WARN_OBJC_LITERAL_CONVERSION = YES;
				CLANG_WARN_OBJC_ROOT_CLASS = YES_ERROR;
				CLANG_WARN_QUOTED_INCLUDE_IN_FRAMEWORK_HEADER = YES;
				CLANG_WARN_RANGE_LOOP_ANALYSIS = YES;
				CLANG_WARN_STRICT_PROTOTYPES = YES;
				CLANG_WARN_SUSPICIOUS_MOVE = YES;
				CLANG_WARN_UNGUARDED_AVAILABILITY = YES_AGGRESSIVE;
				CLANG_WARN_UNREACHABLE_CODE = YES;
				CLANG_WARN__DUPLICATE_METHOD_MATCH = YES;
				COPY_PHASE_STRIP = NO;
				DEBUG_INFORMATION_FORMAT = dwarf;
				ENABLE_STRICT_OBJC_MSGSEND = YES;
				ENABLE_TESTABILITY = YES;
				GCC_C_LANGUAGE_STANDARD = gnu11;
				GCC_DYNAMIC_NO_PIC = NO;
				GCC_NO_COMMON_BLOCKS = YES;
				GCC_OPTIMIZATION_LEVEL = 0;
				GCC_PREPROCESSOR_DEFINITIONS = (
					"DEBUG=1",
					"$(inherited)",
				);
				GCC_WARN_64_TO_32_BIT_CONVERSION = YES;
				GCC_WARN_ABOUT_RETURN_TYPE = YES_ERROR;
				GCC_WARN_UNDECLARED_SELECTOR = YES;
				GCC_WARN_UNINITIALIZED_AUTOS = YES_AGGRESSIVE;
				GCC_WARN_UNUSED_FUNCTION = YES;
				GCC_WARN_UNUSED_VARIABLE = YES;
				IPHONEOS_DEPLOYMENT_TARGET = 14.2;
				MTL_ENABLE_DEBUG_INFO = INCLUDE_SOURCE;
				MTL_FAST_MATH = YES;
				ONLY_ACTIVE_ARCH = YES;
				SDKROOT = iphoneos;
				SWIFT_ACTIVE_COMPILATION_CONDITIONS = DEBUG;
				SWIFT_OPTIMIZATION_LEVEL = "-Onone";
			};
			name = Debug;
		};
		D7F85954257CFE9900A7AFDF /* Release */ = {
			isa = XCBuildConfiguration;
			buildSettings = {
				ALWAYS_SEARCH_USER_PATHS = NO;
				CLANG_ANALYZER_NONNULL = YES;
				CLANG_ANALYZER_NUMBER_OBJECT_CONVERSION = YES_AGGRESSIVE;
				CLANG_CXX_LANGUAGE_STANDARD = "gnu++14";
				CLANG_CXX_LIBRARY = "libc++";
				CLANG_ENABLE_MODULES = YES;
				CLANG_ENABLE_OBJC_ARC = YES;
				CLANG_ENABLE_OBJC_WEAK = YES;
				CLANG_WARN_BLOCK_CAPTURE_AUTORELEASING = YES;
				CLANG_WARN_BOOL_CONVERSION = YES;
				CLANG_WARN_COMMA = YES;
				CLANG_WARN_CONSTANT_CONVERSION = YES;
				CLANG_WARN_DEPRECATED_OBJC_IMPLEMENTATIONS = YES;
				CLANG_WARN_DIRECT_OBJC_ISA_USAGE = YES_ERROR;
				CLANG_WARN_DOCUMENTATION_COMMENTS = YES;
				CLANG_WARN_EMPTY_BODY = YES;
				CLANG_WARN_ENUM_CONVERSION = YES;
				CLANG_WARN_INFINITE_RECURSION = YES;
				CLANG_WARN_INT_CONVERSION = YES;
				CLANG_WARN_NON_LITERAL_NULL_CONVERSION = YES;
				CLANG_WARN_OBJC_IMPLICIT_RETAIN_SELF = YES;
				CLANG_WARN_OBJC_LITERAL_CONVERSION = YES;
				CLANG_WARN_OBJC_ROOT_CLASS = YES_ERROR;
				CLANG_WARN_QUOTED_INCLUDE_IN_FRAMEWORK_HEADER = YES;
				CLANG_WARN_RANGE_LOOP_ANALYSIS = YES;
				CLANG_WARN_STRICT_PROTOTYPES = YES;
				CLANG_WARN_SUSPICIOUS_MOVE = YES;
				CLANG_WARN_UNGUARDED_AVAILABILITY = YES_AGGRESSIVE;
				CLANG_WARN_UNREACHABLE_CODE = YES;
				CLANG_WARN__DUPLICATE_METHOD_MATCH = YES;
				COPY_PHASE_STRIP = NO;
				DEBUG_INFORMATION_FORMAT = "dwarf-with-dsym";
				ENABLE_NS_ASSERTIONS = NO;
				ENABLE_STRICT_OBJC_MSGSEND = YES;
				GCC_C_LANGUAGE_STANDARD = gnu11;
				GCC_NO_COMMON_BLOCKS = YES;
				GCC_WARN_64_TO_32_BIT_CONVERSION = YES;
				GCC_WARN_ABOUT_RETURN_TYPE = YES_ERROR;
				GCC_WARN_UNDECLARED_SELECTOR = YES;
				GCC_WARN_UNINITIALIZED_AUTOS = YES_AGGRESSIVE;
				GCC_WARN_UNUSED_FUNCTION = YES;
				GCC_WARN_UNUSED_VARIABLE = YES;
				IPHONEOS_DEPLOYMENT_TARGET = 14.2;
				MTL_ENABLE_DEBUG_INFO = NO;
				MTL_FAST_MATH = YES;
				SDKROOT = iphoneos;
				SWIFT_COMPILATION_MODE = wholemodule;
				SWIFT_OPTIMIZATION_LEVEL = "-O";
				VALIDATE_PRODUCT = YES;
			};
			name = Release;
		};
		D7F85956257CFE9900A7AFDF /* Debug */ = {
			isa = XCBuildConfiguration;
			buildSettings = {
				ASSETCATALOG_COMPILER_APPICON_NAME = AppIcon;
				ASSETCATALOG_COMPILER_GLOBAL_ACCENT_COLOR_NAME = AccentColor;
				CODE_SIGN_STYLE = Automatic;
				DEVELOPMENT_TEAM = FBQ6Z8AF3U;
				INFOPLIST_FILE = Example/Info.plist;
				LD_RUNPATH_SEARCH_PATHS = (
					"$(inherited)",
					"@executable_path/Frameworks",
				);
				PRODUCT_BUNDLE_IDENTIFIER = dev.noppe.Example;
				PRODUCT_NAME = "$(TARGET_NAME)";
				SWIFT_VERSION = 5.0;
				TARGETED_DEVICE_FAMILY = "1,2";
			};
			name = Debug;
		};
		D7F85957257CFE9900A7AFDF /* Release */ = {
			isa = XCBuildConfiguration;
			buildSettings = {
				ASSETCATALOG_COMPILER_APPICON_NAME = AppIcon;
				ASSETCATALOG_COMPILER_GLOBAL_ACCENT_COLOR_NAME = AccentColor;
				CODE_SIGN_STYLE = Automatic;
				DEVELOPMENT_TEAM = FBQ6Z8AF3U;
				INFOPLIST_FILE = Example/Info.plist;
				LD_RUNPATH_SEARCH_PATHS = (
					"$(inherited)",
					"@executable_path/Frameworks",
				);
				PRODUCT_BUNDLE_IDENTIFIER = dev.noppe.Example;
				PRODUCT_NAME = "$(TARGET_NAME)";
				SWIFT_VERSION = 5.0;
				TARGETED_DEVICE_FAMILY = "1,2";
			};
			name = Release;
		};
/* End XCBuildConfiguration section */

/* Begin XCConfigurationList section */
		D7F8593C257CFE9800A7AFDF /* Build configuration list for PBXProject "Example" */ = {
			isa = XCConfigurationList;
			buildConfigurations = (
				D7F85953257CFE9900A7AFDF /* Debug */,
				D7F85954257CFE9900A7AFDF /* Release */,
			);
			defaultConfigurationIsVisible = 0;
			defaultConfigurationName = Release;
		};
		D7F85955257CFE9900A7AFDF /* Build configuration list for PBXNativeTarget "Example" */ = {
			isa = XCConfigurationList;
			buildConfigurations = (
				D7F85956257CFE9900A7AFDF /* Debug */,
				D7F85957257CFE9900A7AFDF /* Release */,
			);
			defaultConfigurationIsVisible = 0;
			defaultConfigurationName = Release;
		};
/* End XCConfigurationList section */
	};
	rootObject = D7F85939257CFE9800A7AFDF /* Project object */;
}
