{
  "object": {
    "pins": [
      {
        "package": "DebugMenuConsolePlugin",
        "repositoryURL": "git@github.com:noppefoxwolf/DebugMenuConsolePlugin.git",
        "state": {
          "branch": null,
          "revision": "237d6c63916e646d4d655cacf3c5bf4b44c9115a",
          "version": "0.0.3"
        }
      },
      {
        "package": "swift-log",
        "repositoryURL": "https://github.com/apple/swift-log.git",
        "state": {
          "branch": null,
          "revision": "5d66f7ba25daf4f94100e7022febf3c75e37a6c7",
          "version": "1.4.2"
        }
      }
    ]
  },
  "version": 1
}
